# This file is automatically @generated by Poetry 1.8.2 and should not be changed by hand.

[[package]]
name = "jsonencoder-gonzalo123"
version = "1.1.0"
description = "jsonencoder"
optional = false
python-versions = ">=3.5"
files = [
    {file = "jsonencoder-gonzalo123-1.1.0.tar.gz", hash = "sha256:11ae31463462f45f545069507f6920844cf6f25e486f827836e41fa3096133e0"},
    {file = "jsonencoder_gonzalo123-1.1.0-py3-none-any.whl", hash = "sha256:0efbb7f9370cc03a4adccca921a2f96dd4974f0f46d08ca451feb0d573b5cd9e"},
]

[extras]
async = []
sync = []

[metadata]
lock-version = "2.0"
python-versions = "^3.9"
content-hash = "9adf0ed4fe309071b175bd4440404659fa4e28051f51a9708ca085c8bc2a5c81"
